github.com/gethinode/mod-cookieyes v1.0.0 h1:KTkK67uugji9pzYJJalvNhdECHgG1DzPtyeaYL0Xm/0=
github.com/gethinode/mod-cookieyes v1.0.0/go.mod h1:VrBUKm5apop6KIb+R8eRqvlf3AAPnv5aMajL0RorIjY=
github.com/gethinode/mod-cookieyes v1.0.2 h1:WL9sjpYKjkV+jRKIrm6H82UpthQjFksvKGptW6HD/QU=
github.com/gethinode/mod-cookieyes v1.0.2/go.mod h1:VrBUKm5apop6KIb+R8eRqvlf3AAPnv5aMajL0RorIjY=
github.com/gethinode/mod-cookieyes/v2 v2.0.2 h1:VNeQbUWX8LshzRto1/t05aMzV3w+hYDV5AIbB4TfvvU=
github.com/gethinode/mod-cookieyes/v2 v2.0.2/go.mod h1:tULb7D7CoTycGUyL7ryqHJKaX11XuL2SN+XwP7/DI0Y=
github.com/gethinode/mod-cookieyes/v2 v2.0.4 h1:QgYSD3S23351e7xEeQb+Mon+e+I6RbnnrTyvpxBST1A=
github.com/gethinode/mod-cookieyes/v2 v2.0.4/go.mod h1:tULb7D7CoTycGUyL7ryqHJKaX11XuL2SN+XwP7/DI0Y=
github.com/gethinode/mod-cookieyes/v2 v2.1.2 h1:hzGCbRbpNAVkLr+jFWpAQaXHG0lgK+KgIpaZYsI1J+U=
github.com/gethinode/mod-cookieyes/v2 v2.1.2/go.mod h1:tULb7D7CoTycGUyL7ryqHJKaX11XuL2SN+XwP7/DI0Y=
github.com/gethinode/mod-cookieyes/v2 v2.2.1 h1:IIHsUu2g/W9rrloW1kBajijNwgQnic2kAGV6705LW0s=
github.com/gethinode/mod-cookieyes/v2 v2.2.1/go.mod h1:tULb7D7CoTycGUyL7ryqHJKaX11XuL2SN+XwP7/DI0Y=
github.com/gethinode/mod-cookieyes/v2 v2.2.2 h1:VNIdbZnzXw/0Jito/IcDNqQ9yRYLCGrDwyrMqtSJgE4=
github.com/gethinode/mod-cookieyes/v2 v2.2.2/go.mod h1:tULb7D7CoTycGUyL7ryqHJKaX11XuL2SN+XwP7/DI0Y=
github.com/gethinode/mod-cookieyes/v2 v2.2.3 h1:l7aSymSZ/FKYBQFCKXDUN1UiTJX+yvuyB8bmh4fPrG0=
github.com/gethinode/mod-cookieyes/v2 v2.2.3/go.mod h1:tULb7D7CoTycGUyL7ryqHJKaX11XuL2SN+XwP7/DI0Y=
github.com/gethinode/mod-cookieyes/v2 v2.2.4 h1:MxKKNSpX2cb9+4l3mH/xfZUqiJ1buaGLj0AFRnPci5M=
github.com/gethinode/mod-cookieyes/v2 v2.2.4/go.mod h1:tULb7D7CoTycGUyL7ryqHJKaX11XuL2SN+XwP7/DI0Y=
github.com/gethinode/mod-cookieyes/v2 v2.2.5 h1:xzTQ42qYViZ/LJJUHAEeDV9aayXVEX4MtnpS+m5Zekc=
github.com/gethinode/mod-cookieyes/v2 v2.2.5/go.mod h1:tULb7D7CoTycGUyL7ryqHJKaX11XuL2SN+XwP7/DI0Y=
github.com/gethinode/mod-cookieyes/v2 v2.2.6 h1:/DQm8OYpms0On8wuosQER47TplVu/3z7MZHwbBKXCAg=
github.com/gethinode/mod-cookieyes/v2 v2.2.6/go.mod h1:tULb7D7CoTycGUyL7ryqHJKaX11XuL2SN+XwP7/DI0Y=
github.com/gethinode/mod-utils/v2 v2.8.1 h1:u7sFbgJ5sBEMYC/GwcMRyjRAd5NxTjBnbld5b0V5n98=
github.com/gethinode/mod-utils/v2 v2.8.1/go.mod h1:GTYeknoLujNjfDxI+V9Dcug26CYJSTJ0B/U2dagw9oY=
github.com/gethinode/mod-utils/v2 v2.8.2 h1:rKndAMmRBSO5Cgoa/2CvF5XchDSvLvd4TYAbfbbQVhE=
github.com/gethinode/mod-utils/v2 v2.8.2/go.mod h1:GTYeknoLujNjfDxI+V9Dcug26CYJSTJ0B/U2dagw9oY=
github.com/gethinode/mod-utils/v2 v2.8.4 h1:ZBkIxFezFz2IrbTt0Y3Nq5ac7klU5N8TY19Qnj5px4M=
github.com/gethinode/mod-utils/v2 v2.8.4/go.mod h1:GTYeknoLujNjfDxI+V9Dcug26CYJSTJ0B/U2dagw9oY=
github.com/gethinode/mod-utils/v2 v2.8.5 h1:e71ncO2NYpum7JTdNTwb0lw8aDe8Zc64Ehjavy8x9xM=
github.com/gethinode/mod-utils/v2 v2.8.5/go.mod h1:GTYeknoLujNjfDxI+V9Dcug26CYJSTJ0B/U2dagw9oY=
github.com/gethinode/mod-utils/v2 v2.8.6 h1:gtTtL37YPq1n/POIzbj40aYOg1VaZq8IjqwSf2V5yo0=
github.com/gethinode/mod-utils/v2 v2.8.6/go.mod h1:GTYeknoLujNjfDxI+V9Dcug26CYJSTJ0B/U2dagw9oY=
github.com/gethinode/mod-utils/v2 v2.9.0 h1:IGaYO+DNo7CcplyAUJASP1sf10/EqiG8sVVM1Q4SJKc=
github.com/gethinode/mod-utils/v2 v2.9.0/go.mod h1:GTYeknoLujNjfDxI+V9Dcug26CYJSTJ0B/U2dagw9oY=
github.com/gethinode/mod-utils/v2 v2.10.0 h1:2GN6f3wcu/TlbzPD6DFlWyx+KomXz6LnBv7mfPIXB6o=
github.com/gethinode/mod-utils/v2 v2.10.0/go.mod h1:GTYeknoLujNjfDxI+V9Dcug26CYJSTJ0B/U2dagw9oY=
github.com/gethinode/mod-utils/v5 v5.0.0 h1:iF8FtgzQu9BW7R94sJ77gltSZO2QkAv60EMNvtTSpIA=
github.com/gethinode/mod-utils/v5 v5.0.0/go.mod h1:PwQN4oOjA6k/vet11JueJ9asZMgL0DBa3jyS9tPkBWU=
github.com/gethinode/mod-utils/v5 v5.2.0 h1:ad0AbdNfJi7hIOy8KAC2e1gXCsh2LiIhIJACaEMllM8=
github.com/gethinode/mod-utils/v5 v5.2.0/go.mod h1:PwQN4oOjA6k/vet11JueJ9asZMgL0DBa3jyS9tPkBWU=
